
Microsoft Visual Studio Solution File, Format Version 12.00
# Visual Studio Version 16
VisualStudioVersion = 16.0.31702.278
MinimumVisualStudioVersion = 10.0.40219.1
Project("{FAE04EC0-301F-11D3-BF4B-00C04F79EFBC}") = "LinkedList", "LinkedList\LinkedList.csproj", "{5E934BF7-8BDD-4303-B747-3923591FA202}"
EndProject
Global
	GlobalSection(SolutionConfigurationPlatforms) = preSolution
		Debug|Any CPU = Debug|Any CPU
		Release|Any CPU = Release|Any CPU
	EndGlobalSection
	GlobalSection(ProjectConfigurationPlatforms) = postSolution
		{5E934BF7-8BDD-4303-B747-3923591FA202}.Debug|Any CPU.ActiveCfg = Debug|Any CPU
		{5E934BF7-8BDD-4303-B747-3923591FA202}.Debug|Any CPU.Build.0 = Debug|Any CPU
		{5E934BF7-8BDD-4303-B747-3923591FA202}.Release|Any CPU.ActiveCfg = Release|Any CPU
		{5E934BF7-8BDD-4303-B747-3923591FA202}.Release|Any CPU.Build.0 = Release|Any CPU
	EndGlobalSection
	GlobalSection(SolutionProperties) = preSolution
		HideSolutionNode = FALSE
	EndGlobalSection
	GlobalSection(ExtensibilityGlobals) = postSolution
		SolutionGuid = {D0E49D74-968D-45E2-94C3-0144633110A3}
	EndGlobalSection
EndGlobal
